<?xml version="1.0" encoding="utf-8"?>
<Project ToolsVersion="4.0" xmlns="http://schemas.microsoft.com/developer/msbuild/2003">
  <ItemGroup>
    <Filter Include="Source Files">
      <UniqueIdentifier>{4FC737F1-C7A5-4376-A066-2A32D752A2FF}</UniqueIdentifier>
      <Extensions>cpp;c;cc;cxx;def;odl;idl;hpj;bat;asm;asmx</Extensions>
    </Filter>
    <Filter Include="Header Files">
      <UniqueIdentifier>{93995380-89BD-4b04-88EB-625FBE52EBFB}</UniqueIdentifier>
      <Extensions>h;hh;hpp;hxx;hm;inl;inc;xsd</Extensions>
    </Filter>
    <Filter Include="Resource Files">
      <UniqueIdentifier>{67DA6AB6-F800-4c08-8B7A-83BB121AAD01}</UniqueIdentifier>
      <Extensions>rc;ico;cur;bmp;dlg;rc2;rct;bin;rgs;gif;jpg;jpeg;jpe;resx;tiff;tif;png;wav;mfcribbon-ms</Extensions>
    </Filter>
    <Filter Include="sample xml">
      <UniqueIdentifier>{7630c559-cdc0-493f-9f3c-f41614c123ac}</UniqueIdentifier>
    </Filter>
    <Filter Include="www">
      <UniqueIdentifier>{7a0e081a-799e-48fe-9841-bcb22f264376}</UniqueIdentifier>
    </Filter>
    <Filter Include="www\css">
      <UniqueIdentifier>{2901400b-0f5a-40cf-a74f-9c5050bbf150}</UniqueIdentifier>
    </Filter>
    <Filter Include="www\js">
      <UniqueIdentifier>{d383c2b2-9fff-4a78-b5c2-2670f30366cd}</UniqueIdentifier>
    </Filter>
  </ItemGroup>
  <ItemGroup>
    <None Include="MainUnit.ino" />
    <None Include="Misc.ino" />
    <None Include="Sensors.ino" />
    <None Include="Relays.ino" />
    <None Include="SetupFunctions.ino" />
    <None Include="DataTypesConversion.ino" />
    <None Include="Radio.ino" />
    <None Include="Weather.ino" />
    <None Include="Lcd.ino" />
    <None Include="Led.ino" />
    <None Include="SDsettings.ino" />
    <None Include="Alarms.ino" />
    <None Include="Ntp.ino" />
    <None Include="SDscheduler.ino" />
    <None Include="www\graphs1.htm" />
    <None Include="www\graphs2.htm" />
    <None Include="www\index.htm" />
    <None Include="www\sched.htm" />
    <None Include="www\system.htm" />
    <None Include="www\css\table.css" />
    <None Include="www\css\general.css" />
    <None Include="www\css\graph.css" />
    <None Include="www\css\loader.css" />
    <None Include="www\css\menu.css" />
    <None Include="www\js\graph1.js" />
    <None Include="www\js\graph2.js" />
    <None Include="www\js\index.js" />
    <None Include="www\js\sched.js" />
    <None Include="www\js\system.js" />
    <None Include="sample\ini\ETHERNET.INI" />
    <None Include="sample\ini\GENERAL.INI" />
    <None Include="sample\ini\RELAYS.INI" />
    <None Include="ThingSpeak.ino" />
  </ItemGroup>
  <ItemGroup>
    <ClInclude Include="Visual Micro\.MainUnit.vsarduino.h">
      <Filter>Header Files</Filter>
    </ClInclude>
    <ClInclude Include="DataStructures.h">
      <Filter>Header Files</Filter>
    </ClInclude>
  </ItemGroup>
  <ItemGroup>
    <Text Include="readme.txt" />
  </ItemGroup>
  <ItemGroup>
    <Xml Include="sample\xml\sensors.xml" />
    <Xml Include="sample\xml\settings.xml" />
    <Xml Include="sample\xml\sched.xml" />
    <Xml Include="sample\xml\stats.xml" />
  </ItemGroup>
</Project>