<?xml version="1.0" encoding="utf-8"?>
<Project ToolsVersion="4.0" xmlns="http://schemas.microsoft.com/developer/msbuild/2003">
  <ItemGroup>
    <Filter Include="Header Files">
      <UniqueIdentifier>{93995380-89BD-4b04-88EB-625FBE52EBFB}</UniqueIdentifier>
      <Extensions>h;hh;hpp;hxx;hm;inl;inc;xsd</Extensions>
    </Filter>
    <Filter Include="www">
      <UniqueIdentifier>{7a0e081a-799e-48fe-9841-bcb22f264376}</UniqueIdentifier>
    </Filter>
    <Filter Include="www\css">
      <UniqueIdentifier>{2901400b-0f5a-40cf-a74f-9c5050bbf150}</UniqueIdentifier>
    </Filter>
    <Filter Include="www\js">
      <UniqueIdentifier>{d383c2b2-9fff-4a78-b5c2-2670f30366cd}</UniqueIdentifier>
    </Filter>
    <Filter Include="sample">
      <UniqueIdentifier>{9434f786-7af9-4d22-bd21-a62c1470c553}</UniqueIdentifier>
    </Filter>
    <Filter Include="sample\xml">
      <UniqueIdentifier>{32e29c59-ec30-4133-9b4a-7aa14f9835d4}</UniqueIdentifier>
    </Filter>
    <Filter Include="sample\ini">
      <UniqueIdentifier>{e5d75767-7063-4f46-b9ed-c185b6385882}</UniqueIdentifier>
    </Filter>
  </ItemGroup>
  <ItemGroup>
    <None Include="MainUnit.ino" />
    <None Include="Misc.ino" />
    <None Include="Sensors.ino" />
    <None Include="Relays.ino" />
    <None Include="SetupFunctions.ino" />
    <None Include="DataTypesConversion.ino" />
    <None Include="Radio.ino" />
    <None Include="Weather.ino" />
    <None Include="Lcd.ino" />
    <None Include="Led.ino" />
    <None Include="SDsettings.ino" />
    <None Include="Alarms.ino" />
    <None Include="Ntp.ino" />
    <None Include="SDscheduler.ino" />
    <None Include="ThingSpeak.ino" />
    <None Include="www\js\graph1.js">
      <Filter>www\js</Filter>
    </None>
    <None Include="www\js\graph2.js">
      <Filter>www\js</Filter>
    </None>
    <None Include="www\js\index.js">
      <Filter>www\js</Filter>
    </None>
    <None Include="www\js\sched.js">
      <Filter>www\js</Filter>
    </None>
    <None Include="www\js\system.js">
      <Filter>www\js</Filter>
    </None>
    <None Include="www\css\general.css">
      <Filter>www\css</Filter>
    </None>
    <None Include="www\css\graph.css">
      <Filter>www\css</Filter>
    </None>
    <None Include="www\css\loader.css">
      <Filter>www\css</Filter>
    </None>
    <None Include="www\css\menu.css">
      <Filter>www\css</Filter>
    </None>
    <None Include="www\css\table.css">
      <Filter>www\css</Filter>
    </None>
    <None Include="www\graphs1.htm">
      <Filter>www</Filter>
    </None>
    <None Include="www\graphs2.htm">
      <Filter>www</Filter>
    </None>
    <None Include="www\index.htm">
      <Filter>www</Filter>
    </None>
    <None Include="www\system.htm">
      <Filter>www</Filter>
    </None>
    <None Include="www\sched.htm">
      <Filter>www</Filter>
    </None>
    <None Include="sample\ini\RELAYS.INI">
      <Filter>sample\ini</Filter>
    </None>
    <None Include="sample\ini\GENERAL.INI">
      <Filter>sample\ini</Filter>
    </None>
    <None Include="sample\ini\ETHERNET.INI">
      <Filter>sample\ini</Filter>
    </None>
  </ItemGroup>
  <ItemGroup>
    <ClInclude Include="Visual Micro\.MainUnit.vsarduino.h">
      <Filter>Header Files</Filter>
    </ClInclude>
    <ClInclude Include="DataStructures.h">
      <Filter>Header Files</Filter>
    </ClInclude>
  </ItemGroup>
  <ItemGroup>
    <Text Include="readme.txt" />
  </ItemGroup>
  <ItemGroup>
    <Xml Include="sample\xml\sensors.xml">
      <Filter>sample\xml</Filter>
    </Xml>
    <Xml Include="sample\xml\settings.xml">
      <Filter>sample\xml</Filter>
    </Xml>
    <Xml Include="sample\xml\sched.xml">
      <Filter>sample\xml</Filter>
    </Xml>
    <Xml Include="sample\xml\stats.xml">
      <Filter>sample\xml</Filter>
    </Xml>
  </ItemGroup>
</Project>